
Microsoft Visual Studio Solution File, Format Version 12.00
# Visual Studio 14
VisualStudioVersion = 14.0.25420.1
MinimumVisualStudioVersion = 10.0.40219.1
Project("{2150E333-8FDC-42A3-9474-1A3956D46DE8}") = "0 - UI", "0 - UI", "{D343A859-1AEF-4A00-9DED-CABEC1C906E4}"
EndProject
Project("{E24C65DC-7377-472B-9ABA-BC803B73C61A}") = "DB1.AvaliacaoTecnica.UI", "DB1.AvaliacaoTecnica.UI\", "{19DD596A-16A7-4FEB-B4C1-258E51415782}"
	ProjectSection(WebsiteProperties) = preProject
		TargetFrameworkMoniker = ".NETFramework,Version%3Dv4.0"
		Debug.AspNetCompiler.VirtualPath = "/localhost_8250"
		Debug.AspNetCompiler.PhysicalPath = "DB1.AvaliacaoTecnica.UI\"
		Debug.AspNetCompiler.TargetPath = "PrecompiledWeb\localhost_8250\"
		Debug.AspNetCompiler.Updateable = "true"
		Debug.AspNetCompiler.ForceOverwrite = "true"
		Debug.AspNetCompiler.FixedNames = "false"
		Debug.AspNetCompiler.Debug = "True"
		Release.AspNetCompiler.VirtualPath = "/localhost_8250"
		Release.AspNetCompiler.PhysicalPath = "DB1.AvaliacaoTecnica.UI\"
		Release.AspNetCompiler.TargetPath = "PrecompiledWeb\localhost_8250\"
		Release.AspNetCompiler.Updateable = "true"
		Release.AspNetCompiler.ForceOverwrite = "true"
		Release.AspNetCompiler.FixedNames = "false"
		Release.AspNetCompiler.Debug = "False"
		VWDPort = "8250"
		SlnRelativePath = "DB1.AvaliacaoTecnica.UI\"
	EndProjectSection
EndProject
Project("{2150E333-8FDC-42A3-9474-1A3956D46DE8}") = "0 - Console", "0 - Console", "{9E4E024C-B4E8-4B0E-B82E-DAA22CABD355}"
EndProject
Project("{FAE04EC0-301F-11D3-BF4B-00C04F79EFBC}") = "DB1.AvaliacaoTecnica.Console", "DB1.AvaliacaoTecnica.Console\DB1.AvaliacaoTecnica.Console.csproj", "{31F2DEA8-AC61-47E0-901A-2D45ED91F00C}"
EndProject
Project("{FAE04EC0-301F-11D3-BF4B-00C04F79EFBC}") = "DB1.AvaliacaoTecnica.Console.Tests", "UnitTestConsole\DB1.AvaliacaoTecnica.Console.Tests.csproj", "{C8020475-5E86-4BA1-A287-1802228E92A6}"
EndProject
Project("{2150E333-8FDC-42A3-9474-1A3956D46DE8}") = "3 - Domain", "3 - Domain", "{5114C3EE-7EC1-45E4-9FFC-AAEE77E8F8C1}"
EndProject
Project("{2150E333-8FDC-42A3-9474-1A3956D46DE8}") = "4 - Infrastructure", "4 - Infrastructure", "{4CE4F29E-D6B4-4297-9F92-DD1B7146F765}"
EndProject
Project("{FAE04EC0-301F-11D3-BF4B-00C04F79EFBC}") = "DB1.AvaliacaoTecnica.Domain", "DB1.AvaliacaoTecnica.Domain\DB1.AvaliacaoTecnica.Domain.csproj", "{18EC9A6D-AFFC-4002-A78D-ED04A777F740}"
EndProject
Project("{FAE04EC0-301F-11D3-BF4B-00C04F79EFBC}") = "DB1.AvaliacaoTecnica.Infra", "DB1.AvaliacaoTecnica.Infra\DB1.AvaliacaoTecnica.Infra.csproj", "{741BFD7E-401A-4966-A84B-1B6D570B799B}"
EndProject
Project("{FAE04EC0-301F-11D3-BF4B-00C04F79EFBC}") = "DB1.AvaliacaoTecnica.SharedKernel", "DB1.AvaliacaoTecnica.SharedKernel\DB1.AvaliacaoTecnica.SharedKernel.csproj", "{AE2E0FA0-9546-4D66-9CE1-D7090D4E244A}"
EndProject
Project("{2150E333-8FDC-42A3-9474-1A3956D46DE8}") = "2 - Application Service", "2 - Application Service", "{4F41FBE9-903A-419B-A6C1-F2C4C89E105D}"
EndProject
Project("{2150E333-8FDC-42A3-9474-1A3956D46DE8}") = "5 - Tests", "5 - Tests", "{23DD67E2-641A-4444-83EF-C48DEB5959F3}"
EndProject
Project("{FAE04EC0-301F-11D3-BF4B-00C04F79EFBC}") = "DB1.AvaliacaoTecnica.Tests.Domain", "DB1.AvaliacaoTecnica.Tests.Domain\DB1.AvaliacaoTecnica.Tests.Domain.csproj", "{FDDC717C-C435-4AED-980F-EA693DEDBD6E}"
EndProject
Project("{FAE04EC0-301F-11D3-BF4B-00C04F79EFBC}") = "DB1.AvaliacaoTecnica.CrossCutting", "DB1.AvaliacaoTecnica.CrossCutting\DB1.AvaliacaoTecnica.CrossCutting.csproj", "{7943ED4A-18E9-443E-9D96-C3012C4217FB}"
EndProject
Project("{FAE04EC0-301F-11D3-BF4B-00C04F79EFBC}") = "DB1.AvaliacaoTecnica.ApplicationService", "DB1.AvaliacaoTecnica.ApplicationService\DB1.AvaliacaoTecnica.ApplicationService.csproj", "{FEAFA1A9-749A-47FC-8941-41D4F64E204D}"
EndProject
Project("{2150E333-8FDC-42A3-9474-1A3956D46DE8}") = "1 - Presentation", "1 - Presentation", "{1D5E1001-1DB2-4DC9-8BD9-765E97277228}"
EndProject
Project("{FAE04EC0-301F-11D3-BF4B-00C04F79EFBC}") = "DB1.AvaliacaoTecnica.Api", "DB1.AvaliacaoTecnica.Api\DB1.AvaliacaoTecnica.Api.csproj", "{65E275D0-B0BE-46BC-A1C2-54CD00DB23EA}"
EndProject
Project("{FAE04EC0-301F-11D3-BF4B-00C04F79EFBC}") = "DB1.AvaliacaoTecnica.Api.Tests", "DB1.AvaliacaoTecnica.Api.Tests\DB1.AvaliacaoTecnica.Api.Tests.csproj", "{F3634607-54EC-452E-9740-EC21E2B3AA08}"
EndProject
Global
	GlobalSection(SolutionConfigurationPlatforms) = preSolution
		Debug|Any CPU = Debug|Any CPU
		Release|Any CPU = Release|Any CPU
	EndGlobalSection
	GlobalSection(ProjectConfigurationPlatforms) = postSolution
		{19DD596A-16A7-4FEB-B4C1-258E51415782}.Debug|Any CPU.ActiveCfg = Debug|Any CPU
		{19DD596A-16A7-4FEB-B4C1-258E51415782}.Debug|Any CPU.Build.0 = Debug|Any CPU
		{19DD596A-16A7-4FEB-B4C1-258E51415782}.Release|Any CPU.ActiveCfg = Debug|Any CPU
		{19DD596A-16A7-4FEB-B4C1-258E51415782}.Release|Any CPU.Build.0 = Debug|Any CPU
		{31F2DEA8-AC61-47E0-901A-2D45ED91F00C}.Debug|Any CPU.ActiveCfg = Debug|Any CPU
		{31F2DEA8-AC61-47E0-901A-2D45ED91F00C}.Debug|Any CPU.Build.0 = Debug|Any CPU
		{31F2DEA8-AC61-47E0-901A-2D45ED91F00C}.Release|Any CPU.ActiveCfg = Release|Any CPU
		{31F2DEA8-AC61-47E0-901A-2D45ED91F00C}.Release|Any CPU.Build.0 = Release|Any CPU
		{C8020475-5E86-4BA1-A287-1802228E92A6}.Debug|Any CPU.ActiveCfg = Debug|Any CPU
		{C8020475-5E86-4BA1-A287-1802228E92A6}.Debug|Any CPU.Build.0 = Debug|Any CPU
		{C8020475-5E86-4BA1-A287-1802228E92A6}.Release|Any CPU.ActiveCfg = Release|Any CPU
		{C8020475-5E86-4BA1-A287-1802228E92A6}.Release|Any CPU.Build.0 = Release|Any CPU
		{18EC9A6D-AFFC-4002-A78D-ED04A777F740}.Debug|Any CPU.ActiveCfg = Debug|Any CPU
		{18EC9A6D-AFFC-4002-A78D-ED04A777F740}.Debug|Any CPU.Build.0 = Debug|Any CPU
		{18EC9A6D-AFFC-4002-A78D-ED04A777F740}.Release|Any CPU.ActiveCfg = Release|Any CPU
		{18EC9A6D-AFFC-4002-A78D-ED04A777F740}.Release|Any CPU.Build.0 = Release|Any CPU
		{741BFD7E-401A-4966-A84B-1B6D570B799B}.Debug|Any CPU.ActiveCfg = Debug|Any CPU
		{741BFD7E-401A-4966-A84B-1B6D570B799B}.Debug|Any CPU.Build.0 = Debug|Any CPU
		{741BFD7E-401A-4966-A84B-1B6D570B799B}.Release|Any CPU.ActiveCfg = Release|Any CPU
		{741BFD7E-401A-4966-A84B-1B6D570B799B}.Release|Any CPU.Build.0 = Release|Any CPU
		{AE2E0FA0-9546-4D66-9CE1-D7090D4E244A}.Debug|Any CPU.ActiveCfg = Debug|Any CPU
		{AE2E0FA0-9546-4D66-9CE1-D7090D4E244A}.Debug|Any CPU.Build.0 = Debug|Any CPU
		{AE2E0FA0-9546-4D66-9CE1-D7090D4E244A}.Release|Any CPU.ActiveCfg = Release|Any CPU
		{AE2E0FA0-9546-4D66-9CE1-D7090D4E244A}.Release|Any CPU.Build.0 = Release|Any CPU
		{FDDC717C-C435-4AED-980F-EA693DEDBD6E}.Debug|Any CPU.ActiveCfg = Debug|Any CPU
		{FDDC717C-C435-4AED-980F-EA693DEDBD6E}.Debug|Any CPU.Build.0 = Debug|Any CPU
		{FDDC717C-C435-4AED-980F-EA693DEDBD6E}.Release|Any CPU.ActiveCfg = Release|Any CPU
		{FDDC717C-C435-4AED-980F-EA693DEDBD6E}.Release|Any CPU.Build.0 = Release|Any CPU
		{7943ED4A-18E9-443E-9D96-C3012C4217FB}.Debug|Any CPU.ActiveCfg = Debug|Any CPU
		{7943ED4A-18E9-443E-9D96-C3012C4217FB}.Debug|Any CPU.Build.0 = Debug|Any CPU
		{7943ED4A-18E9-443E-9D96-C3012C4217FB}.Release|Any CPU.ActiveCfg = Release|Any CPU
		{7943ED4A-18E9-443E-9D96-C3012C4217FB}.Release|Any CPU.Build.0 = Release|Any CPU
		{FEAFA1A9-749A-47FC-8941-41D4F64E204D}.Debug|Any CPU.ActiveCfg = Debug|Any CPU
		{FEAFA1A9-749A-47FC-8941-41D4F64E204D}.Debug|Any CPU.Build.0 = Debug|Any CPU
		{FEAFA1A9-749A-47FC-8941-41D4F64E204D}.Release|Any CPU.ActiveCfg = Release|Any CPU
		{FEAFA1A9-749A-47FC-8941-41D4F64E204D}.Release|Any CPU.Build.0 = Release|Any CPU
		{65E275D0-B0BE-46BC-A1C2-54CD00DB23EA}.Debug|Any CPU.ActiveCfg = Debug|Any CPU
		{65E275D0-B0BE-46BC-A1C2-54CD00DB23EA}.Debug|Any CPU.Build.0 = Debug|Any CPU
		{65E275D0-B0BE-46BC-A1C2-54CD00DB23EA}.Release|Any CPU.ActiveCfg = Release|Any CPU
		{65E275D0-B0BE-46BC-A1C2-54CD00DB23EA}.Release|Any CPU.Build.0 = Release|Any CPU
		{F3634607-54EC-452E-9740-EC21E2B3AA08}.Debug|Any CPU.ActiveCfg = Debug|Any CPU
		{F3634607-54EC-452E-9740-EC21E2B3AA08}.Debug|Any CPU.Build.0 = Debug|Any CPU
		{F3634607-54EC-452E-9740-EC21E2B3AA08}.Release|Any CPU.ActiveCfg = Release|Any CPU
		{F3634607-54EC-452E-9740-EC21E2B3AA08}.Release|Any CPU.Build.0 = Release|Any CPU
	EndGlobalSection
	GlobalSection(SolutionProperties) = preSolution
		HideSolutionNode = FALSE
	EndGlobalSection
	GlobalSection(NestedProjects) = preSolution
		{19DD596A-16A7-4FEB-B4C1-258E51415782} = {D343A859-1AEF-4A00-9DED-CABEC1C906E4}
		{31F2DEA8-AC61-47E0-901A-2D45ED91F00C} = {9E4E024C-B4E8-4B0E-B82E-DAA22CABD355}
		{C8020475-5E86-4BA1-A287-1802228E92A6} = {9E4E024C-B4E8-4B0E-B82E-DAA22CABD355}
		{18EC9A6D-AFFC-4002-A78D-ED04A777F740} = {5114C3EE-7EC1-45E4-9FFC-AAEE77E8F8C1}
		{741BFD7E-401A-4966-A84B-1B6D570B799B} = {4CE4F29E-D6B4-4297-9F92-DD1B7146F765}
		{AE2E0FA0-9546-4D66-9CE1-D7090D4E244A} = {5114C3EE-7EC1-45E4-9FFC-AAEE77E8F8C1}
		{FDDC717C-C435-4AED-980F-EA693DEDBD6E} = {23DD67E2-641A-4444-83EF-C48DEB5959F3}
		{7943ED4A-18E9-443E-9D96-C3012C4217FB} = {4CE4F29E-D6B4-4297-9F92-DD1B7146F765}
		{FEAFA1A9-749A-47FC-8941-41D4F64E204D} = {4F41FBE9-903A-419B-A6C1-F2C4C89E105D}
		{65E275D0-B0BE-46BC-A1C2-54CD00DB23EA} = {1D5E1001-1DB2-4DC9-8BD9-765E97277228}
		{F3634607-54EC-452E-9740-EC21E2B3AA08} = {1D5E1001-1DB2-4DC9-8BD9-765E97277228}
	EndGlobalSection
EndGlobal
